// !$*UTF8*$!
{
	archiveVersion = 1;
	classes = {
	};
	objectVersion = 46;
	objects = {

/* Begin PBXBuildFile section */
		84FDFE791D805A5E00BEFA06 /* AppDelegate.swift in Sources */ = {isa = PBXBuildFile; fileRef = 84FDFE781D805A5E00BEFA06 /* AppDelegate.swift */; };
		84FDFE7B1D805A5E00BEFA06 /* ViewController.swift in Sources */ = {isa = PBXBuildFile; fileRef = 84FDFE7A1D805A5E00BEFA06 /* ViewController.swift */; };
		84FDFE7E1D805A5E00BEFA06 /* Main.storyboard in Resources */ = {isa = PBXBuildFile; fileRef = 84FDFE7C1D805A5E00BEFA06 /* Main.storyboard */; };
		84FDFE801D805A5E00BEFA06 /* Assets.xcassets in Resources */ = {isa = PBXBuildFile; fileRef = 84FDFE7F1D805A5E00BEFA06 /* Assets.xcassets */; };
		84FDFE831D805A5E00BEFA06 /* LaunchScreen.storyboard in Resources */ = {isa = PBXBuildFile; fileRef = 84FDFE811D805A5E00BEFA06 /* LaunchScreen.storyboard */; };
		84FDFE8B1D805B9500BEFA06 /* User.swift in Sources */ = {isa = PBXBuildFile; fileRef = 84FDFE8A1D805B9500BEFA06 /* User.swift */; };
		D4E772A815DD3E9F94817681 /* Pods_realmSample.framework in Frameworks */ = {isa = PBXBuildFile; fileRef = F0B6AB1E9236CAF1D3A56619 /* Pods_realmSample.framework */; };
/* End PBXBuildFile section */

/* Begin PBXFileReference section */
		0491BC2AD6C7086C72924B67 /* Pods-realmSample.debug.xcconfig */ = {isa = PBXFileReference; includeInIndex = 1; lastKnownFileType = text.xcconfig; name = "Pods-realmSample.debug.xcconfig"; path = "Pods/Target Support Files/Pods-realmSample/Pods-realmSample.debug.xcconfig"; sourceTree = "<group>"; };
		3F984B709A6148F9B5E8B58A /* Pods-realmSample.release.xcconfig */ = {isa = PBXFileReference; includeInIndex = 1; lastKnownFileType = text.xcconfig; name = "Pods-realmSample.release.xcconfig"; path = "Pods/Target Support Files/Pods-realmSample/Pods-realmSample.release.xcconfig"; sourceTree = "<group>"; };
		84FDFE751D805A5E00BEFA06 /* realmSample.app */ = {isa = PBXFileReference; explicitFileType = wrapper.application; includeInIndex = 0; path = realmSample.app; sourceTree = BUILT_PRODUCTS_DIR; };
		84FDFE781D805A5E00BEFA06 /* AppDelegate.swift */ = {isa = PBXFileReference; lastKnownFileType = sourcecode.swift; path = AppDelegate.swift; sourceTree = "<group>"; };
		84FDFE7A1D805A5E00BEFA06 /* ViewController.swift */ = {isa = PBXFileReference; lastKnownFileType = sourcecode.swift; path = ViewController.swift; sourceTree = "<group>"; };
		84FDFE7D1D805A5E00BEFA06 /* Base */ = {isa = PBXFileReference; lastKnownFileType = file.storyboard; name = Base; path = Base.lproj/Main.storyboard; sourceTree = "<group>"; };
		84FDFE7F1D805A5E00BEFA06 /* Assets.xcassets */ = {isa = PBXFileReference; lastKnownFileType = folder.assetcatalog; path = Assets.xcassets; sourceTree = "<group>"; };
		84FDFE821D805A5E00BEFA06 /* Base */ = {isa = PBXFileReference; lastKnownFileType = file.storyboard; name = Base; path = Base.lproj/LaunchScreen.storyboard; sourceTree = "<group>"; };
		84FDFE841D805A5E00BEFA06 /* Info.plist */ = {isa = PBXFileReference; lastKnownFileType = text.plist.xml; path = Info.plist; sourceTree = "<group>"; };
		84FDFE8A1D805B9500BEFA06 /* User.swift */ = {isa = PBXFileReference; fileEncoding = 4; lastKnownFileType = sourcecode.swift; path = User.swift; sourceTree = "<group>"; };
		F0B6AB1E9236CAF1D3A56619 /* Pods_realmSample.framework */ = {isa = PBXFileReference; explicitFileType = wrapper.framework; includeInIndex = 0; path = Pods_realmSample.framework; sourceTree = BUILT_PRODUCTS_DIR; };
/* End PBXFileReference section */

/* Begin PBXFrameworksBuildPhase section */
		84FDFE721D805A5D00BEFA06 /* Frameworks */ = {
			isa = PBXFrameworksBuildPhase;
			buildActionMask = 2147483647;
			files = (
				D4E772A815DD3E9F94817681 /* Pods_realmSample.framework in Frameworks */,
			);
			runOnlyForDeploymentPostprocessing = 0;
		};
/* End PBXFrameworksBuildPhase section */

/* Begin PBXGroup section */
		84FDFE6C1D805A5D00BEFA06 = {
			isa = PBXGroup;
			children = (
				84FDFE771D805A5E00BEFA06 /* realmSample */,
				84FDFE761D805A5E00BEFA06 /* Products */,
				B2A552149B52C144E000E30B /* Pods */,
				C7C5617E110067E7C727F64B /* Frameworks */,
			);
			sourceTree = "<group>";
		};
		84FDFE761D805A5E00BEFA06 /* Products */ = {
			isa = PBXGroup;
			children = (
				84FDFE751D805A5E00BEFA06 /* realmSample.app */,
			);
			name = Products;
			sourceTree = "<group>";
		};
		84FDFE771D805A5E00BEFA06 /* realmSample */ = {
			isa = PBXGroup;
			children = (
				84FDFE781D805A5E00BEFA06 /* AppDelegate.swift */,
				84FDFE7A1D805A5E00BEFA06 /* ViewController.swift */,
				84FDFE8A1D805B9500BEFA06 /* User.swift */,
				84FDFE7C1D805A5E00BEFA06 /* Main.storyboard */,
				84FDFE7F1D805A5E00BEFA06 /* Assets.xcassets */,
				84FDFE811D805A5E00BEFA06 /* LaunchScreen.storyboard */,
				84FDFE841D805A5E00BEFA06 /* Info.plist */,
			);
			path = realmSample;
			sourceTree = "<group>";
		};
		B2A552149B52C144E000E30B /* Pods */ = {
			isa = PBXGroup;
			children = (
				0491BC2AD6C7086C72924B67 /* Pods-realmSample.debug.xcconfig */,
				3F984B709A6148F9B5E8B58A /* Pods-realmSample.release.xcconfig */,
			);
			name = Pods;
			sourceTree = "<group>";
		};
		C7C5617E110067E7C727F64B /* Frameworks */ = {
			isa = PBXGroup;
			children = (
				F0B6AB1E9236CAF1D3A56619 /* Pods_realmSample.framework */,
			);
			name = Frameworks;
			sourceTree = "<group>";
		};
/* End PBXGroup section */

/* Begin PBXNativeTarget section */
		84FDFE741D805A5D00BEFA06 /* realmSample */ = {
			isa = PBXNativeTarget;
			buildConfigurationList = 84FDFE871D805A5E00BEFA06 /* Build configuration list for PBXNativeTarget "realmSample" */;
			buildPhases = (
				CD4CB77E80E4B9192F405532 /* [CP] Check Pods Manifest.lock */,
				84FDFE711D805A5D00BEFA06 /* Sources */,
				84FDFE721D805A5D00BEFA06 /* Frameworks */,
				84FDFE731D805A5D00BEFA06 /* Resources */,
				0B35EC0C0E02C257355D11D8 /* [CP] Embed Pods Frameworks */,
				1327A2FB9124A391AFE06129 /* [CP] Copy Pods Resources */,
			);
			buildRules = (
			);
			dependencies = (
			);
			name = realmSample;
			productName = realmSample;
			productReference = 84FDFE751D805A5E00BEFA06 /* realmSample.app */;
			productType = "com.apple.product-type.application";
		};
/* End PBXNativeTarget section */

/* Begin PBXProject section */
		84FDFE6D1D805A5D00BEFA06 /* Project object */ = {
			isa = PBXProject;
			attributes = {
				LastSwiftUpdateCheck = 0730;
				LastUpgradeCheck = 0730;
				ORGANIZATIONNAME = "はるふ";
				TargetAttributes = {
					84FDFE741D805A5D00BEFA06 = {
						CreatedOnToolsVersion = 7.3.1;
					};
				};
			};
			buildConfigurationList = 84FDFE701D805A5D00BEFA06 /* Build configuration list for PBXProject "realmSample" */;
			compatibilityVersion = "Xcode 3.2";
			developmentRegion = English;
			hasScannedForEncodings = 0;
			knownRegions = (
				en,
				Base,
			);
			mainGroup = 84FDFE6C1D805A5D00BEFA06;
			productRefGroup = 84FDFE761D805A5E00BEFA06 /* Products */;
			projectDirPath = "";
			projectRoot = "";
			targets = (
				84FDFE741D805A5D00BEFA06 /* realmSample */,
			);
		};
/* End PBXProject section */

/* Begin PBXResourcesBuildPhase section */
		84FDFE731D805A5D00BEFA06 /* Resources */ = {
			isa = PBXResourcesBuildPhase;
			buildActionMask = 2147483647;
			files = (
				84FDFE831D805A5E00BEFA06 /* LaunchScreen.storyboard in Resources */,
				84FDFE801D805A5E00BEFA06 /* Assets.xcassets in Resources */,
				84FDFE7E1D805A5E00BEFA06 /* Main.storyboard in Resources */,
			);
			runOnlyForDeploymentPostprocessing = 0;
		};
/* End PBXResourcesBuildPhase section */

/* Begin PBXShellScriptBuildPhase section */
		0B35EC0C0E02C257355D11D8 /* [CP] Embed Pods Frameworks */ = {
			isa = PBXShellScriptBuildPhase;
			buildActionMask = 2147483647;
			files = (
			);
			inputPaths = (
			);
			name = "[CP] Embed Pods Frameworks";
			outputPaths = (
			);
			runOnlyForDeploymentPostprocessing = 0;
			shellPath = /bin/sh;
			shellScript = "\"${SRCROOT}/Pods/Target Support Files/Pods-realmSample/Pods-realmSample-frameworks.sh\"\n";
			showEnvVarsInLog = 0;
		};
		1327A2FB9124A391AFE06129 /* [CP] Copy Pods Resources */ = {
			isa = PBXShellScriptBuildPhase;
			buildActionMask = 2147483647;
			files = (
			);
			inputPaths = (
			);
			name = "[CP] Copy Pods Resources";
			outputPaths = (
			);
			runOnlyForDeploymentPostprocessing = 0;
			shellPath = /bin/sh;
			shellScript = "\"${SRCROOT}/Pods/Target Support Files/Pods-realmSample/Pods-realmSample-resources.sh\"\n";
			showEnvVarsInLog = 0;
		};
		CD4CB77E80E4B9192F405532 /* [CP] Check Pods Manifest.lock */ = {
			isa = PBXShellScriptBuildPhase;
			buildActionMask = 2147483647;
			files = (
			);
			inputPaths = (
			);
			name = "[CP] Check Pods Manifest.lock";
			outputPaths = (
			);
			runOnlyForDeploymentPostprocessing = 0;
			shellPath = /bin/sh;
			shellScript = "diff \"${PODS_ROOT}/../Podfile.lock\" \"${PODS_ROOT}/Manifest.lock\" > /dev/null\nif [[ $? != 0 ]] ; then\n    cat << EOM\nerror: The sandbox is not in sync with the Podfile.lock. Run 'pod install' or update your CocoaPods installation.\nEOM\n    exit 1\nfi\n";
			showEnvVarsInLog = 0;
		};
/* End PBXShellScriptBuildPhase section */

/* Begin PBXSourcesBuildPhase section */
		84FDFE711D805A5D00BEFA06 /* Sources */ = {
			isa = PBXSourcesBuildPhase;
			buildActionMask = 2147483647;
			files = (
				84FDFE7B1D805A5E00BEFA06 /* ViewController.swift in Sources */,
				84FDFE791D805A5E00BEFA06 /* AppDelegate.swift in Sources */,
				84FDFE8B1D805B9500BEFA06 /* User.swift in Sources */,
			);
			runOnlyForDeploymentPostprocessing = 0;
		};
/* End PBXSourcesBuildPhase section */

/* Begin PBXVariantGroup section */
		84FDFE7C1D805A5E00BEFA06 /* Main.storyboard */ = {
			isa = PBXVariantGroup;
			children = (
				84FDFE7D1D805A5E00BEFA06 /* Base */,
			);
			name = Main.storyboard;
			sourceTree = "<group>";
		};
		84FDFE811D805A5E00BEFA06 /* LaunchScreen.storyboard */ = {
			isa = PBXVariantGroup;
			children = (
				84FDFE821D805A5E00BEFA06 /* Base */,
			);
			name = LaunchScreen.storyboard;
			sourceTree = "<group>";
		};
/* End PBXVariantGroup section */

/* Begin XCBuildConfiguration section */
		84FDFE851D805A5E00BEFA06 /* Debug */ = {
			isa = XCBuildConfiguration;
			buildSettings = {
				ALWAYS_SEARCH_USER_PATHS = NO;
				CLANG_ANALYZER_NONNULL = YES;
				CLANG_CXX_LANGUAGE_STANDARD = "gnu++0x";
				CLANG_CXX_LIBRARY = "libc++";
				CLANG_ENABLE_MODULES = YES;
				CLANG_ENABLE_OBJC_ARC = YES;
				CLANG_WARN_BOOL_CONVERSION = YES;
				CLANG_WARN_CONSTANT_CONVERSION = YES;
				CLANG_WARN_DIRECT_OBJC_ISA_USAGE = YES_ERROR;
				CLANG_WARN_EMPTY_BODY = YES;
				CLANG_WARN_ENUM_CONVERSION = YES;
				CLANG_WARN_INT_CONVERSION = YES;
				CLANG_WARN_OBJC_ROOT_CLASS = YES_ERROR;
				CLANG_WARN_UNREACHABLE_CODE = YES;
				CLANG_WARN__DUPLICATE_METHOD_MATCH = YES;
				"CODE_SIGN_IDENTITY[sdk=iphoneos*]" = "iPhone Developer";
				COPY_PHASE_STRIP = NO;
				DEBUG_INFORMATION_FORMAT = dwarf;
				ENABLE_STRICT_OBJC_MSGSEND = YES;
				ENABLE_TESTABILITY = YES;
				GCC_C_LANGUAGE_STANDARD = gnu99;
				GCC_DYNAMIC_NO_PIC = NO;
				GCC_NO_COMMON_BLOCKS = YES;
				GCC_OPTIMIZATION_LEVEL = 0;
				GCC_PREPROCESSOR_DEFINITIONS = (
					"DEBUG=1",
					"$(inherited)",
				);
				GCC_WARN_64_TO_32_BIT_CONVERSION = YES;
				GCC_WARN_ABOUT_RETURN_TYPE = YES_ERROR;
				GCC_WARN_UNDECLARED_SELECTOR = YES;
				GCC_WARN_UNINITIALIZED_AUTOS = YES_AGGRESSIVE;
				GCC_WARN_UNUSED_FUNCTION = YES;
				GCC_WARN_UNUSED_VARIABLE = YES;
				IPHONEOS_DEPLOYMENT_TARGET = 8.0;
				MTL_ENABLE_DEBUG_INFO = YES;
				ONLY_ACTIVE_ARCH = YES;
				SDKROOT = iphoneos;
				SWIFT_OPTIMIZATION_LEVEL = "-Onone";
				TARGETED_DEVICE_FAMILY = "1,2";
			};
			name = Debug;
		};
		84FDFE861D805A5E00BEFA06 /* Release */ = {
			isa = XCBuildConfiguration;
			buildSettings = {
				ALWAYS_SEARCH_USER_PATHS = NO;
				CLANG_ANALYZER_NONNULL = YES;
				CLANG_CXX_LANGUAGE_STANDARD = "gnu++0x";
				CLANG_CXX_LIBRARY = "libc++";
				CLANG_ENABLE_MODULES = YES;
				CLANG_ENABLE_OBJC_ARC = YES;
				CLANG_WARN_BOOL_CONVERSION = YES;
				CLANG_WARN_CONSTANT_CONVERSION = YES;
				CLANG_WARN_DIRECT_OBJC_ISA_USAGE = YES_ERROR;
				CLANG_WARN_EMPTY_BODY = YES;
				CLANG_WARN_ENUM_CONVERSION = YES;
				CLANG_WARN_INT_CONVERSION = YES;
				CLANG_WARN_OBJC_ROOT_CLASS = YES_ERROR;
				CLANG_WARN_UNREACHABLE_CODE = YES;
				CLANG_WARN__DUPLICATE_METHOD_MATCH = YES;
				"CODE_SIGN_IDENTITY[sdk=iphoneos*]" = "iPhone Developer";
				COPY_PHASE_STRIP = NO;
				DEBUG_INFORMATION_FORMAT = "dwarf-with-dsym";
				ENABLE_NS_ASSERTIONS = NO;
				ENABLE_STRICT_OBJC_MSGSEND = YES;
				GCC_C_LANGUAGE_STANDARD = gnu99;
				GCC_NO_COMMON_BLOCKS = YES;
				GCC_WARN_64_TO_32_BIT_CONVERSION = YES;
				GCC_WARN_ABOUT_RETURN_TYPE = YES_ERROR;
				GCC_WARN_UNDECLARED_SELECTOR = YES;
				GCC_WARN_UNINITIALIZED_AUTOS = YES_AGGRESSIVE;
				GCC_WARN_UNUSED_FUNCTION = YES;
				GCC_WARN_UNUSED_VARIABLE = YES;
				IPHONEOS_DEPLOYMENT_TARGET = 8.0;
				MTL_ENABLE_DEBUG_INFO = NO;
				SDKROOT = iphoneos;
				TARGETED_DEVICE_FAMILY = "1,2";
				VALIDATE_PRODUCT = YES;
			};
			name = Release;
		};
		84FDFE881D805A5E00BEFA06 /* Debug */ = {
			isa = XCBuildConfiguration;
			baseConfigurationReference = 0491BC2AD6C7086C72924B67 /* Pods-realmSample.debug.xcconfig */;
			buildSettings = {
				ASSETCATALOG_COMPILER_APPICON_NAME = AppIcon;
				CODE_SIGN_IDENTITY = "iPhone Developer";
				INFOPLIST_FILE = realmSample/Info.plist;
				IPHONEOS_DEPLOYMENT_TARGET = 8.0;
				LD_RUNPATH_SEARCH_PATHS = "$(inherited) @executable_path/Frameworks";
				PRODUCT_BUNDLE_IDENTIFIER = net.ha1f.realmSample;
				PRODUCT_NAME = "$(TARGET_NAME)";
			};
			name = Debug;
		};
		84FDFE891D805A5E00BEFA06 /* Release */ = {
			isa = XCBuildConfiguration;
			baseConfigurationReference = 3F984B709A6148F9B5E8B58A /* Pods-realmSample.release.xcconfig */;
			buildSettings = {
				ASSETCATALOG_COMPILER_APPICON_NAME = AppIcon;
				CODE_SIGN_IDENTITY = "iPhone Developer";
				INFOPLIST_FILE = realmSample/Info.plist;
				IPHONEOS_DEPLOYMENT_TARGET = 8.0;
				LD_RUNPATH_SEARCH_PATHS = "$(inherited) @executable_path/Frameworks";
				PRODUCT_BUNDLE_IDENTIFIER = net.ha1f.realmSample;
				PRODUCT_NAME = "$(TARGET_NAME)";
			};
			name = Release;
		};
/* End XCBuildConfiguration section */

/* Begin XCConfigurationList section */
		84FDFE701D805A5D00BEFA06 /* Build configuration list for PBXProject "realmSample" */ = {
			isa = XCConfigurationList;
			buildConfigurations = (
				84FDFE851D805A5E00BEFA06 /* Debug */,
				84FDFE861D805A5E00BEFA06 /* Release */,
			);
			defaultConfigurationIsVisible = 0;
			defaultConfigurationName = Release;
		};
		84FDFE871D805A5E00BEFA06 /* Build configuration list for PBXNativeTarget "realmSample" */ = {
			isa = XCConfigurationList;
			buildConfigurations = (
				84FDFE881D805A5E00BEFA06 /* Debug */,
				84FDFE891D805A5E00BEFA06 /* Release */,
			);
			defaultConfigurationIsVisible = 0;
			defaultConfigurationName = Release;
		};
/* End XCConfigurationList section */
	};
	rootObject = 84FDFE6D1D805A5D00BEFA06 /* Project object */;
}
